
Microsoft Visual Studio Solution File, Format Version 12.00
# Visual Studio 2013
VisualStudioVersion = 12.0.30723.0
MinimumVisualStudioVersion = 10.0.40219.1
Project("{FAE04EC0-301F-11D3-BF4B-00C04F79EFBC}") = "jsTools", "jsTools.csproj", "{ECAD445A-4F68-440C-981C-9F7542CCE056}"
EndProject
Project("{2150E333-8FDC-42A3-9474-1A3956D46DE8}") = ".nuget", ".nuget", "{4C1CA4C4-ADFF-4B4E-95A6-DE88E15FA78B}"
	ProjectSection(SolutionItems) = preProject
		.nuget\NuGet.Config = .nuget\NuGet.Config
		.nuget\NuGet.exe = .nuget\NuGet.exe
		.nuget\NuGet.targets = .nuget\NuGet.targets
	EndProjectSection
EndProject
Global
	GlobalSection(SolutionConfigurationPlatforms) = preSolution
		Debug|Any CPU = Debug|Any CPU
		Release|Any CPU = Release|Any CPU
	EndGlobalSection
	GlobalSection(ProjectConfigurationPlatforms) = postSolution
		{ECAD445A-4F68-440C-981C-9F7542CCE056}.Debug|Any CPU.ActiveCfg = Debug|Any CPU
		{ECAD445A-4F68-440C-981C-9F7542CCE056}.Debug|Any CPU.Build.0 = Debug|Any CPU
		{ECAD445A-4F68-440C-981C-9F7542CCE056}.Release|Any CPU.ActiveCfg = Release|Any CPU
		{ECAD445A-4F68-440C-981C-9F7542CCE056}.Release|Any CPU.Build.0 = Release|Any CPU
	EndGlobalSection
	GlobalSection(SolutionProperties) = preSolution
		HideSolutionNode = FALSE
	EndGlobalSection
EndGlobal
